// !$*UTF8*$!
{
	archiveVersion = 1;
	classes = {
	};
	objectVersion = 50;
	objects = {

/* Begin PBXBuildFile section */
		717774C324A25695005018C2 /* AppDelegate.swift in Sources */ = {isa = PBXBuildFile; fileRef = 717774C224A25695005018C2 /* AppDelegate.swift */; };
		717774C524A25695005018C2 /* SceneDelegate.swift in Sources */ = {isa = PBXBuildFile; fileRef = 717774C424A25695005018C2 /* SceneDelegate.swift */; };
		717774C724A25695005018C2 /* QuizViewController.swift in Sources */ = {isa = PBXBuildFile; fileRef = 717774C624A25695005018C2 /* QuizViewController.swift */; };
		717774CA24A25695005018C2 /* Main.storyboard in Resources */ = {isa = PBXBuildFile; fileRef = 717774C824A25695005018C2 /* Main.storyboard */; };
		717774CC24A256B3005018C2 /* Assets.xcassets in Resources */ = {isa = PBXBuildFile; fileRef = 717774CB24A256B3005018C2 /* Assets.xcassets */; };
		717774CF24A256B3005018C2 /* LaunchScreen.storyboard in Resources */ = {isa = PBXBuildFile; fileRef = 717774CD24A256B3005018C2 /* LaunchScreen.storyboard */; };
		717774DA24A259D5005018C2 /* Question.swift in Sources */ = {isa = PBXBuildFile; fileRef = 717774D924A259D5005018C2 /* Question.swift */; };
		717774DC24A25A81005018C2 /* QuizMind.swift in Sources */ = {isa = PBXBuildFile; fileRef = 717774DB24A25A81005018C2 /* QuizMind.swift */; };
/* End PBXBuildFile section */

/* Begin PBXFileReference section */
		717774BF24A25695005018C2 /* Quiz_2.0.app */ = {isa = PBXFileReference; explicitFileType = wrapper.application; includeInIndex = 0; path = Quiz_2.0.app; sourceTree = BUILT_PRODUCTS_DIR; };
		717774C224A25695005018C2 /* AppDelegate.swift */ = {isa = PBXFileReference; lastKnownFileType = sourcecode.swift; path = AppDelegate.swift; sourceTree = "<group>"; };
		717774C424A25695005018C2 /* SceneDelegate.swift */ = {isa = PBXFileReference; lastKnownFileType = sourcecode.swift; path = SceneDelegate.swift; sourceTree = "<group>"; };
		717774C624A25695005018C2 /* QuizViewController.swift */ = {isa = PBXFileReference; lastKnownFileType = sourcecode.swift; path = QuizViewController.swift; sourceTree = "<group>"; };
		717774C924A25695005018C2 /* Base */ = {isa = PBXFileReference; lastKnownFileType = file.storyboard; name = Base; path = Base.lproj/Main.storyboard; sourceTree = "<group>"; };
		717774CB24A256B3005018C2 /* Assets.xcassets */ = {isa = PBXFileReference; lastKnownFileType = folder.assetcatalog; path = Assets.xcassets; sourceTree = "<group>"; };
		717774CE24A256B3005018C2 /* Base */ = {isa = PBXFileReference; lastKnownFileType = file.storyboard; name = Base; path = Base.lproj/LaunchScreen.storyboard; sourceTree = "<group>"; };
		717774D024A256B3005018C2 /* Info.plist */ = {isa = PBXFileReference; lastKnownFileType = text.plist.xml; path = Info.plist; sourceTree = "<group>"; };
		717774D924A259D5005018C2 /* Question.swift */ = {isa = PBXFileReference; lastKnownFileType = sourcecode.swift; path = Question.swift; sourceTree = "<group>"; };
		717774DB24A25A81005018C2 /* QuizMind.swift */ = {isa = PBXFileReference; lastKnownFileType = sourcecode.swift; path = QuizMind.swift; sourceTree = "<group>"; };
/* End PBXFileReference section */

/* Begin PBXFrameworksBuildPhase section */
		717774BC24A25695005018C2 /* Frameworks */ = {
			isa = PBXFrameworksBuildPhase;
			buildActionMask = 2147483647;
			files = (
			);
			runOnlyForDeploymentPostprocessing = 0;
		};
/* End PBXFrameworksBuildPhase section */

/* Begin PBXGroup section */
		717774B624A25695005018C2 = {
			isa = PBXGroup;
			children = (
				717774C124A25695005018C2 /* Quiz_2.0 */,
				717774C024A25695005018C2 /* Products */,
			);
			sourceTree = "<group>";
		};
		717774C024A25695005018C2 /* Products */ = {
			isa = PBXGroup;
			children = (
				717774BF24A25695005018C2 /* Quiz_2.0.app */,
			);
			name = Products;
			sourceTree = "<group>";
		};
		717774C124A25695005018C2 /* Quiz_2.0 */ = {
			isa = PBXGroup;
			children = (
				717774C224A25695005018C2 /* AppDelegate.swift */,
				717774C424A25695005018C2 /* SceneDelegate.swift */,
				717774D824A2576B005018C2 /* Model */,
				717774D624A25742005018C2 /* View */,
				717774D724A2574F005018C2 /* Controller */,
				717774CB24A256B3005018C2 /* Assets.xcassets */,
				717774CD24A256B3005018C2 /* LaunchScreen.storyboard */,
				717774D024A256B3005018C2 /* Info.plist */,
			);
			path = Quiz_2.0;
			sourceTree = "<group>";
		};
		717774D624A25742005018C2 /* View */ = {
			isa = PBXGroup;
			children = (
				717774C824A25695005018C2 /* Main.storyboard */,
			);
			path = View;
			sourceTree = "<group>";
		};
		717774D724A2574F005018C2 /* Controller */ = {
			isa = PBXGroup;
			children = (
				717774C624A25695005018C2 /* QuizViewController.swift */,
			);
			path = Controller;
			sourceTree = "<group>";
		};
		717774D824A2576B005018C2 /* Model */ = {
			isa = PBXGroup;
			children = (
				717774D924A259D5005018C2 /* Question.swift */,
				717774DB24A25A81005018C2 /* QuizMind.swift */,
			);
			path = Model;
			sourceTree = "<group>";
		};
/* End PBXGroup section */

/* Begin PBXNativeTarget section */
		717774BE24A25695005018C2 /* Quiz_2.0 */ = {
			isa = PBXNativeTarget;
			buildConfigurationList = 717774D324A256B3005018C2 /* Build configuration list for PBXNativeTarget "Quiz_2.0" */;
			buildPhases = (
				717774BB24A25695005018C2 /* Sources */,
				717774BC24A25695005018C2 /* Frameworks */,
				717774BD24A25695005018C2 /* Resources */,
			);
			buildRules = (
			);
			dependencies = (
			);
			name = Quiz_2.0;
			productName = Quiz_2.0;
			productReference = 717774BF24A25695005018C2 /* Quiz_2.0.app */;
			productType = "com.apple.product-type.application";
		};
/* End PBXNativeTarget section */

/* Begin PBXProject section */
		717774B724A25695005018C2 /* Project object */ = {
			isa = PBXProject;
			attributes = {
				LastSwiftUpdateCheck = 1110;
				LastUpgradeCheck = 1110;
				ORGANIZATIONNAME = Hanan;
				TargetAttributes = {
					717774BE24A25695005018C2 = {
						CreatedOnToolsVersion = 11.1;
					};
				};
			};
			buildConfigurationList = 717774BA24A25695005018C2 /* Build configuration list for PBXProject "Quiz_2.0" */;
			compatibilityVersion = "Xcode 9.3";
			developmentRegion = en;
			hasScannedForEncodings = 0;
			knownRegions = (
				en,
				Base,
			);
			mainGroup = 717774B624A25695005018C2;
			productRefGroup = 717774C024A25695005018C2 /* Products */;
			projectDirPath = "";
			projectRoot = "";
			targets = (
				717774BE24A25695005018C2 /* Quiz_2.0 */,
			);
		};
/* End PBXProject section */

/* Begin PBXResourcesBuildPhase section */
		717774BD24A25695005018C2 /* Resources */ = {
			isa = PBXResourcesBuildPhase;
			buildActionMask = 2147483647;
			files = (
				717774CF24A256B3005018C2 /* LaunchScreen.storyboard in Resources */,
				717774CC24A256B3005018C2 /* Assets.xcassets in Resources */,
				717774CA24A25695005018C2 /* Main.storyboard in Resources */,
			);
			runOnlyForDeploymentPostprocessing = 0;
		};
/* End PBXResourcesBuildPhase section */

/* Begin PBXSourcesBuildPhase section */
		717774BB24A25695005018C2 /* Sources */ = {
			isa = PBXSourcesBuildPhase;
			buildActionMask = 2147483647;
			files = (
				717774C724A25695005018C2 /* QuizViewController.swift in Sources */,
				717774DA24A259D5005018C2 /* Question.swift in Sources */,
				717774DC24A25A81005018C2 /* QuizMind.swift in Sources */,
				717774C324A25695005018C2 /* AppDelegate.swift in Sources */,
				717774C524A25695005018C2 /* SceneDelegate.swift in Sources */,
			);
			runOnlyForDeploymentPostprocessing = 0;
		};
/* End PBXSourcesBuildPhase section */

/* Begin PBXVariantGroup section */
		717774C824A25695005018C2 /* Main.storyboard */ = {
			isa = PBXVariantGroup;
			children = (
				717774C924A25695005018C2 /* Base */,
			);
			name = Main.storyboard;
			sourceTree = "<group>";
		};
		717774CD24A256B3005018C2 /* LaunchScreen.storyboard */ = {
			isa = PBXVariantGroup;
			children = (
				717774CE24A256B3005018C2 /* Base */,
			);
			name = LaunchScreen.storyboard;
			sourceTree = "<group>";
		};
/* End PBXVariantGroup section */

/* Begin XCBuildConfiguration section */
		717774D124A256B3005018C2 /* Debug */ = {
			isa = XCBuildConfiguration;
			buildSettings = {
				ALWAYS_SEARCH_USER_PATHS = NO;
				CLANG_ANALYZER_NONNULL = YES;
				CLANG_ANALYZER_NUMBER_OBJECT_CONVERSION = YES_AGGRESSIVE;
				CLANG_CXX_LANGUAGE_STANDARD = "gnu++14";
				CLANG_CXX_LIBRARY = "libc++";
				CLANG_ENABLE_MODULES = YES;
				CLANG_ENABLE_OBJC_ARC = YES;
				CLANG_ENABLE_OBJC_WEAK = YES;
				CLANG_WARN_BLOCK_CAPTURE_AUTORELEASING = YES;
				CLANG_WARN_BOOL_CONVERSION = YES;
				CLANG_WARN_COMMA = YES;
				CLANG_WARN_CONSTANT_CONVERSION = YES;
				CLANG_WARN_DEPRECATED_OBJC_IMPLEMENTATIONS = YES;
				CLANG_WARN_DIRECT_OBJC_ISA_USAGE = YES_ERROR;
				CLANG_WARN_DOCUMENTATION_COMMENTS = YES;
				CLANG_WARN_EMPTY_BODY = YES;
				CLANG_WARN_ENUM_CONVERSION = YES;
				CLANG_WARN_INFINITE_RECURSION = YES;
				CLANG_WARN_INT_CONVERSION = YES;
				CLANG_WARN_NON_LITERAL_NULL_CONVERSION = YES;
				CLANG_WARN_OBJC_IMPLICIT_RETAIN_SELF = YES;
				CLANG_WARN_OBJC_LITERAL_CONVERSION = YES;
				CLANG_WARN_OBJC_ROOT_CLASS = YES_ERROR;
				CLANG_WARN_RANGE_LOOP_ANALYSIS = YES;
				CLANG_WARN_STRICT_PROTOTYPES = YES;
				CLANG_WARN_SUSPICIOUS_MOVE = YES;
				CLANG_WARN_UNGUARDED_AVAILABILITY = YES_AGGRESSIVE;
				CLANG_WARN_UNREACHABLE_CODE = YES;
				CLANG_WARN__DUPLICATE_METHOD_MATCH = YES;
				COPY_PHASE_STRIP = NO;
				DEBUG_INFORMATION_FORMAT = dwarf;
				ENABLE_STRICT_OBJC_MSGSEND = YES;
				ENABLE_TESTABILITY = YES;
				GCC_C_LANGUAGE_STANDARD = gnu11;
				GCC_DYNAMIC_NO_PIC = NO;
				GCC_NO_COMMON_BLOCKS = YES;
				GCC_OPTIMIZATION_LEVEL = 0;
				GCC_PREPROCESSOR_DEFINITIONS = (
					"DEBUG=1",
					"$(inherited)",
				);
				GCC_WARN_64_TO_32_BIT_CONVERSION = YES;
				GCC_WARN_ABOUT_RETURN_TYPE = YES_ERROR;
				GCC_WARN_UNDECLARED_SELECTOR = YES;
				GCC_WARN_UNINITIALIZED_AUTOS = YES_AGGRESSIVE;
				GCC_WARN_UNUSED_FUNCTION = YES;
				GCC_WARN_UNUSED_VARIABLE = YES;
				IPHONEOS_DEPLOYMENT_TARGET = 13.1;
				MTL_ENABLE_DEBUG_INFO = INCLUDE_SOURCE;
				MTL_FAST_MATH = YES;
				ONLY_ACTIVE_ARCH = YES;
				SDKROOT = iphoneos;
				SWIFT_ACTIVE_COMPILATION_CONDITIONS = DEBUG;
				SWIFT_OPTIMIZATION_LEVEL = "-Onone";
			};
			name = Debug;
		};
		717774D224A256B3005018C2 /* Release */ = {
			isa = XCBuildConfiguration;
			buildSettings = {
				ALWAYS_SEARCH_USER_PATHS = NO;
				CLANG_ANALYZER_NONNULL = YES;
				CLANG_ANALYZER_NUMBER_OBJECT_CONVERSION = YES_AGGRESSIVE;
				CLANG_CXX_LANGUAGE_STANDARD = "gnu++14";
				CLANG_CXX_LIBRARY = "libc++";
				CLANG_ENABLE_MODULES = YES;
				CLANG_ENABLE_OBJC_ARC = YES;
				CLANG_ENABLE_OBJC_WEAK = YES;
				CLANG_WARN_BLOCK_CAPTURE_AUTORELEASING = YES;
				CLANG_WARN_BOOL_CONVERSION = YES;
				CLANG_WARN_COMMA = YES;
				CLANG_WARN_CONSTANT_CONVERSION = YES;
				CLANG_WARN_DEPRECATED_OBJC_IMPLEMENTATIONS = YES;
				CLANG_WARN_DIRECT_OBJC_ISA_USAGE = YES_ERROR;
				CLANG_WARN_DOCUMENTATION_COMMENTS = YES;
				CLANG_WARN_EMPTY_BODY = YES;
				CLANG_WARN_ENUM_CONVERSION = YES;
				CLANG_WARN_INFINITE_RECURSION = YES;
				CLANG_WARN_INT_CONVERSION = YES;
				CLANG_WARN_NON_LITERAL_NULL_CONVERSION = YES;
				CLANG_WARN_OBJC_IMPLICIT_RETAIN_SELF = YES;
				CLANG_WARN_OBJC_LITERAL_CONVERSION = YES;
				CLANG_WARN_OBJC_ROOT_CLASS = YES_ERROR;
				CLANG_WARN_RANGE_LOOP_ANALYSIS = YES;
				CLANG_WARN_STRICT_PROTOTYPES = YES;
				CLANG_WARN_SUSPICIOUS_MOVE = YES;
				CLANG_WARN_UNGUARDED_AVAILABILITY = YES_AGGRESSIVE;
				CLANG_WARN_UNREACHABLE_CODE = YES;
				CLANG_WARN__DUPLICATE_METHOD_MATCH = YES;
				COPY_PHASE_STRIP = NO;
				DEBUG_INFORMATION_FORMAT = "dwarf-with-dsym";
				ENABLE_NS_ASSERTIONS = NO;
				ENABLE_STRICT_OBJC_MSGSEND = YES;
				GCC_C_LANGUAGE_STANDARD = gnu11;
				GCC_NO_COMMON_BLOCKS = YES;
				GCC_WARN_64_TO_32_BIT_CONVERSION = YES;
				GCC_WARN_ABOUT_RETURN_TYPE = YES_ERROR;
				GCC_WARN_UNDECLARED_SELECTOR = YES;
				GCC_WARN_UNINITIALIZED_AUTOS = YES_AGGRESSIVE;
				GCC_WARN_UNUSED_FUNCTION = YES;
				GCC_WARN_UNUSED_VARIABLE = YES;
				IPHONEOS_DEPLOYMENT_TARGET = 13.1;
				MTL_ENABLE_DEBUG_INFO = NO;
				MTL_FAST_MATH = YES;
				SDKROOT = iphoneos;
				SWIFT_COMPILATION_MODE = wholemodule;
				SWIFT_OPTIMIZATION_LEVEL = "-O";
				VALIDATE_PRODUCT = YES;
			};
			name = Release;
		};
		717774D424A256B3005018C2 /* Debug */ = {
			isa = XCBuildConfiguration;
			buildSettings = {
				ASSETCATALOG_COMPILER_APPICON_NAME = AppIcon;
				CODE_SIGN_STYLE = Automatic;
				DEVELOPMENT_TEAM = K75946TXJA;
				INFOPLIST_FILE = Quiz_2.0/Info.plist;
				LD_RUNPATH_SEARCH_PATHS = (
					"$(inherited)",
					"@executable_path/Frameworks",
				);
				PRODUCT_BUNDLE_IDENTIFIER = "han.Quiz-2-0";
				PRODUCT_NAME = "$(TARGET_NAME)";
				SWIFT_VERSION = 5.0;
				TARGETED_DEVICE_FAMILY = "1,2";
			};
			name = Debug;
		};
		717774D524A256B3005018C2 /* Release */ = {
			isa = XCBuildConfiguration;
			buildSettings = {
				ASSETCATALOG_COMPILER_APPICON_NAME = AppIcon;
				CODE_SIGN_STYLE = Automatic;
				DEVELOPMENT_TEAM = K75946TXJA;
				INFOPLIST_FILE = Quiz_2.0/Info.plist;
				LD_RUNPATH_SEARCH_PATHS = (
					"$(inherited)",
					"@executable_path/Frameworks",
				);
				PRODUCT_BUNDLE_IDENTIFIER = "han.Quiz-2-0";
				PRODUCT_NAME = "$(TARGET_NAME)";
				SWIFT_VERSION = 5.0;
				TARGETED_DEVICE_FAMILY = "1,2";
			};
			name = Release;
		};
/* End XCBuildConfiguration section */

/* Begin XCConfigurationList section */
		717774BA24A25695005018C2 /* Build configuration list for PBXProject "Quiz_2.0" */ = {
			isa = XCConfigurationList;
			buildConfigurations = (
				717774D124A256B3005018C2 /* Debug */,
				717774D224A256B3005018C2 /* Release */,
			);
			defaultConfigurationIsVisible = 0;
			defaultConfigurationName = Release;
		};
		717774D324A256B3005018C2 /* Build configuration list for PBXNativeTarget "Quiz_2.0" */ = {
			isa = XCConfigurationList;
			buildConfigurations = (
				717774D424A256B3005018C2 /* Debug */,
				717774D524A256B3005018C2 /* Release */,
			);
			defaultConfigurationIsVisible = 0;
			defaultConfigurationName = Release;
		};
/* End XCConfigurationList section */
	};
	rootObject = 717774B724A25695005018C2 /* Project object */;
}
